
Microsoft Visual Studio Solution File, Format Version 12.00
# Visual Studio 15
VisualStudioVersion = 15.0.28307.136
MinimumVisualStudioVersion = 10.0.40219.1
Project("{FAE04EC0-301F-11D3-BF4B-00C04F79EFBC}") = "PlutoRover", "PlutoRover\PlutoRover.csproj", "{3AC05586-20A5-4824-8AEF-06934737A138}"
EndProject
Project("{FAE04EC0-301F-11D3-BF4B-00C04F79EFBC}") = "PlutoRover.Tests", "PlutoRover.Tests\PlutoRover.Tests.csproj", "{7BFC7F5D-6D4A-4692-B7BD-13E2AA812F9B}"
EndProject
Global
	GlobalSection(SolutionConfigurationPlatforms) = preSolution
		Debug|Any CPU = Debug|Any CPU
		Release|Any CPU = Release|Any CPU
	EndGlobalSection
	GlobalSection(ProjectConfigurationPlatforms) = postSolution
		{3AC05586-20A5-4824-8AEF-06934737A138}.Debug|Any CPU.ActiveCfg = Debug|Any CPU
		{3AC05586-20A5-4824-8AEF-06934737A138}.Debug|Any CPU.Build.0 = Debug|Any CPU
		{3AC05586-20A5-4824-8AEF-06934737A138}.Release|Any CPU.ActiveCfg = Release|Any CPU
		{3AC05586-20A5-4824-8AEF-06934737A138}.Release|Any CPU.Build.0 = Release|Any CPU
		{7BFC7F5D-6D4A-4692-B7BD-13E2AA812F9B}.Debug|Any CPU.ActiveCfg = Debug|Any CPU
		{7BFC7F5D-6D4A-4692-B7BD-13E2AA812F9B}.Debug|Any CPU.Build.0 = Debug|Any CPU
		{7BFC7F5D-6D4A-4692-B7BD-13E2AA812F9B}.Release|Any CPU.ActiveCfg = Release|Any CPU
		{7BFC7F5D-6D4A-4692-B7BD-13E2AA812F9B}.Release|Any CPU.Build.0 = Release|Any CPU
	EndGlobalSection
	GlobalSection(SolutionProperties) = preSolution
		HideSolutionNode = FALSE
	EndGlobalSection
	GlobalSection(ExtensibilityGlobals) = postSolution
		SolutionGuid = {9D1AC621-8B17-422E-97A1-75B37B9E0434}
	EndGlobalSection
EndGlobal
